
Microsoft Visual Studio Solution File, Format Version 12.00
# Visual Studio 2013
VisualStudioVersion = 12.0.21005.1
MinimumVisualStudioVersion = 10.0.40219.1
Project("{FAE04EC0-301F-11D3-BF4B-00C04F79EFBC}") = "Game", "Game\Game.csproj", "{FC9CFBCC-AD19-4CD4-A6B2-68CBF64C37E1}"
EndProject
Project("{FAE04EC0-301F-11D3-BF4B-00C04F79EFBC}") = "DrawEngine", "DrawEngine\DrawEngine.csproj", "{FE258CC8-9FE2-4BCC-98B3-14ECF491AB5C}"
EndProject
Project("{FAE04EC0-301F-11D3-BF4B-00C04F79EFBC}") = "Enemy", "Enemy\Enemy.csproj", "{B27AF5FB-4E95-445A-B38A-EF1365AA22D0}"
EndProject
Project("{FAE04EC0-301F-11D3-BF4B-00C04F79EFBC}") = "BattleScreen", "BattleScreen\BattleScreen.csproj", "{473D5ACE-94C2-4B1F-B72D-481B057B8D72}"
EndProject
Project("{FAE04EC0-301F-11D3-BF4B-00C04F79EFBC}") = "Player", "Player\Player.csproj", "{9ABDB40E-5069-4541-86C2-031EE2E3C64D}"
EndProject
Project("{FAE04EC0-301F-11D3-BF4B-00C04F79EFBC}") = "Shop", "Shop\Shop.csproj", "{38115DB8-4D28-4093-867D-F21E17727929}"
EndProject
Project("{FAE04EC0-301F-11D3-BF4B-00C04F79EFBC}") = "Item", "Item\Item.csproj", "{5ED0410C-08D2-4C4F-A55E-43C980FB5E8D}"
EndProject
Global
	GlobalSection(SolutionConfigurationPlatforms) = preSolution
		Debug|Any CPU = Debug|Any CPU
		Release|Any CPU = Release|Any CPU
	EndGlobalSection
	GlobalSection(ProjectConfigurationPlatforms) = postSolution
		{FC9CFBCC-AD19-4CD4-A6B2-68CBF64C37E1}.Debug|Any CPU.ActiveCfg = Debug|Any CPU
		{FC9CFBCC-AD19-4CD4-A6B2-68CBF64C37E1}.Debug|Any CPU.Build.0 = Debug|Any CPU
		{FC9CFBCC-AD19-4CD4-A6B2-68CBF64C37E1}.Release|Any CPU.ActiveCfg = Release|Any CPU
		{FC9CFBCC-AD19-4CD4-A6B2-68CBF64C37E1}.Release|Any CPU.Build.0 = Release|Any CPU
		{FE258CC8-9FE2-4BCC-98B3-14ECF491AB5C}.Debug|Any CPU.ActiveCfg = Debug|Any CPU
		{FE258CC8-9FE2-4BCC-98B3-14ECF491AB5C}.Debug|Any CPU.Build.0 = Debug|Any CPU
		{FE258CC8-9FE2-4BCC-98B3-14ECF491AB5C}.Release|Any CPU.ActiveCfg = Release|Any CPU
		{FE258CC8-9FE2-4BCC-98B3-14ECF491AB5C}.Release|Any CPU.Build.0 = Release|Any CPU
		{B27AF5FB-4E95-445A-B38A-EF1365AA22D0}.Debug|Any CPU.ActiveCfg = Debug|Any CPU
		{B27AF5FB-4E95-445A-B38A-EF1365AA22D0}.Debug|Any CPU.Build.0 = Debug|Any CPU
		{B27AF5FB-4E95-445A-B38A-EF1365AA22D0}.Release|Any CPU.ActiveCfg = Release|Any CPU
		{B27AF5FB-4E95-445A-B38A-EF1365AA22D0}.Release|Any CPU.Build.0 = Release|Any CPU
		{473D5ACE-94C2-4B1F-B72D-481B057B8D72}.Debug|Any CPU.ActiveCfg = Debug|Any CPU
		{473D5ACE-94C2-4B1F-B72D-481B057B8D72}.Debug|Any CPU.Build.0 = Debug|Any CPU
		{473D5ACE-94C2-4B1F-B72D-481B057B8D72}.Release|Any CPU.ActiveCfg = Release|Any CPU
		{473D5ACE-94C2-4B1F-B72D-481B057B8D72}.Release|Any CPU.Build.0 = Release|Any CPU
		{9ABDB40E-5069-4541-86C2-031EE2E3C64D}.Debug|Any CPU.ActiveCfg = Debug|Any CPU
		{9ABDB40E-5069-4541-86C2-031EE2E3C64D}.Debug|Any CPU.Build.0 = Debug|Any CPU
		{9ABDB40E-5069-4541-86C2-031EE2E3C64D}.Release|Any CPU.ActiveCfg = Release|Any CPU
		{9ABDB40E-5069-4541-86C2-031EE2E3C64D}.Release|Any CPU.Build.0 = Release|Any CPU
		{38115DB8-4D28-4093-867D-F21E17727929}.Debug|Any CPU.ActiveCfg = Debug|Any CPU
		{38115DB8-4D28-4093-867D-F21E17727929}.Debug|Any CPU.Build.0 = Debug|Any CPU
		{38115DB8-4D28-4093-867D-F21E17727929}.Release|Any CPU.ActiveCfg = Release|Any CPU
		{38115DB8-4D28-4093-867D-F21E17727929}.Release|Any CPU.Build.0 = Release|Any CPU
		{5ED0410C-08D2-4C4F-A55E-43C980FB5E8D}.Debug|Any CPU.ActiveCfg = Debug|Any CPU
		{5ED0410C-08D2-4C4F-A55E-43C980FB5E8D}.Debug|Any CPU.Build.0 = Debug|Any CPU
		{5ED0410C-08D2-4C4F-A55E-43C980FB5E8D}.Release|Any CPU.ActiveCfg = Release|Any CPU
		{5ED0410C-08D2-4C4F-A55E-43C980FB5E8D}.Release|Any CPU.Build.0 = Release|Any CPU
	EndGlobalSection
	GlobalSection(SolutionProperties) = preSolution
		HideSolutionNode = FALSE
	EndGlobalSection
EndGlobal
